
Microsoft Visual Studio Solution File, Format Version 12.00
# Visual Studio Version 16
VisualStudioVersion = 16.0.30204.135
MinimumVisualStudioVersion = 10.0.40219.1
Project("{FAE04EC0-301F-11D3-BF4B-00C04F79EFBC}") = "DBSecurity", "DBSecurity\DBSecurity.csproj", "{451793C8-E1F7-411D-A3F2-0C90FC80CF81}"
EndProject
Global
	GlobalSection(SolutionConfigurationPlatforms) = preSolution
		Debug|Any CPU = Debug|Any CPU
		Release|Any CPU = Release|Any CPU
	EndGlobalSection
	GlobalSection(ProjectConfigurationPlatforms) = postSolution
		{451793C8-E1F7-411D-A3F2-0C90FC80CF81}.Debug|Any CPU.ActiveCfg = Debug|Any CPU
		{451793C8-E1F7-411D-A3F2-0C90FC80CF81}.Debug|Any CPU.Build.0 = Debug|Any CPU
		{451793C8-E1F7-411D-A3F2-0C90FC80CF81}.Release|Any CPU.ActiveCfg = Release|Any CPU
		{451793C8-E1F7-411D-A3F2-0C90FC80CF81}.Release|Any CPU.Build.0 = Release|Any CPU
	EndGlobalSection
	GlobalSection(SolutionProperties) = preSolution
		HideSolutionNode = FALSE
	EndGlobalSection
	GlobalSection(ExtensibilityGlobals) = postSolution
		SolutionGuid = {C880E6F1-5667-4AB9-8C54-D38D50D60A7D}
	EndGlobalSection
EndGlobal
